
Microsoft Visual Studio Solution File, Format Version 12.00
# Visual Studio Version 16
VisualStudioVersion = 16.0.30330.147
MinimumVisualStudioVersion = 10.0.40219.1
Project("{FAE04EC0-301F-11D3-BF4B-00C04F79EFBC}") = "Extensions", "Extensions\Extensions.csproj", "{983598DA-D433-4518-94B0-6829E6F8B99C}"
EndProject
Project("{FAE04EC0-301F-11D3-BF4B-00C04F79EFBC}") = "DataAccess", "DataAccess\DataAccess.csproj", "{EB3E8BED-C166-4A55-B0A5-6F1A21EE5AA7}"
EndProject
Project("{FAE04EC0-301F-11D3-BF4B-00C04F79EFBC}") = "DataAccess.Test", "DataAccess.Test\DataAccess.Test.csproj", "{77156146-B1A0-4C7D-8870-8AE5C3E97441}"
EndProject
Project("{FAE04EC0-301F-11D3-BF4B-00C04F79EFBC}") = "TheForestDSM", "TheForestDSM\TheForestDSM.csproj", "{C73FDBE2-8E28-4F89-A391-7482178F0A9E}"
EndProject
Project("{FAE04EC0-301F-11D3-BF4B-00C04F79EFBC}") = "TheForestDSM.ShutdownService", "TheForestDSM.ShutdownService\TheForestDSM.ShutdownService.csproj", "{9BBE2DEE-A526-4A14-A77C-61B5B95B4282}"
EndProject
Project("{54435603-DBB4-11D2-8724-00A0C9A8B90C}") = "TheForestDSM.Installer", "TheForestDSM.Installer\TheForestDSM.Installer.vdproj", "{2ACB4205-5D79-4285-92D6-DBC985E103BD}"
EndProject
Project("{FAE04EC0-301F-11D3-BF4B-00C04F79EFBC}") = "TheForestDSM.UninstallCleanup", "TheForestDSM.UninstallCleanup\TheForestDSM.UninstallCleanup.csproj", "{8C5D8C7C-7EBE-4737-A40A-A21FE0321DA8}"
EndProject
Project("{FAE04EC0-301F-11D3-BF4B-00C04F79EFBC}") = "TheForestDSM.Utilities", "TheForestDSM.Utilities\TheForestDSM.Utilities.csproj", "{1805CD89-6AB3-47C8-98EB-BF81F52CBDA2}"
EndProject
Global
	GlobalSection(SolutionConfigurationPlatforms) = preSolution
		Debug|Any CPU = Debug|Any CPU
		Release|Any CPU = Release|Any CPU
	EndGlobalSection
	GlobalSection(ProjectConfigurationPlatforms) = postSolution
		{983598DA-D433-4518-94B0-6829E6F8B99C}.Debug|Any CPU.ActiveCfg = Debug|Any CPU
		{983598DA-D433-4518-94B0-6829E6F8B99C}.Debug|Any CPU.Build.0 = Debug|Any CPU
		{983598DA-D433-4518-94B0-6829E6F8B99C}.Release|Any CPU.ActiveCfg = Release|Any CPU
		{983598DA-D433-4518-94B0-6829E6F8B99C}.Release|Any CPU.Build.0 = Release|Any CPU
		{EB3E8BED-C166-4A55-B0A5-6F1A21EE5AA7}.Debug|Any CPU.ActiveCfg = Debug|Any CPU
		{EB3E8BED-C166-4A55-B0A5-6F1A21EE5AA7}.Debug|Any CPU.Build.0 = Debug|Any CPU
		{EB3E8BED-C166-4A55-B0A5-6F1A21EE5AA7}.Release|Any CPU.ActiveCfg = Release|Any CPU
		{EB3E8BED-C166-4A55-B0A5-6F1A21EE5AA7}.Release|Any CPU.Build.0 = Release|Any CPU
		{77156146-B1A0-4C7D-8870-8AE5C3E97441}.Debug|Any CPU.ActiveCfg = Debug|Any CPU
		{77156146-B1A0-4C7D-8870-8AE5C3E97441}.Debug|Any CPU.Build.0 = Debug|Any CPU
		{77156146-B1A0-4C7D-8870-8AE5C3E97441}.Release|Any CPU.ActiveCfg = Release|Any CPU
		{77156146-B1A0-4C7D-8870-8AE5C3E97441}.Release|Any CPU.Build.0 = Release|Any CPU
		{C73FDBE2-8E28-4F89-A391-7482178F0A9E}.Debug|Any CPU.ActiveCfg = Debug|Any CPU
		{C73FDBE2-8E28-4F89-A391-7482178F0A9E}.Debug|Any CPU.Build.0 = Debug|Any CPU
		{C73FDBE2-8E28-4F89-A391-7482178F0A9E}.Release|Any CPU.ActiveCfg = Release|Any CPU
		{C73FDBE2-8E28-4F89-A391-7482178F0A9E}.Release|Any CPU.Build.0 = Release|Any CPU
		{9BBE2DEE-A526-4A14-A77C-61B5B95B4282}.Debug|Any CPU.ActiveCfg = Debug|Any CPU
		{9BBE2DEE-A526-4A14-A77C-61B5B95B4282}.Debug|Any CPU.Build.0 = Debug|Any CPU
		{9BBE2DEE-A526-4A14-A77C-61B5B95B4282}.Release|Any CPU.ActiveCfg = Release|Any CPU
		{9BBE2DEE-A526-4A14-A77C-61B5B95B4282}.Release|Any CPU.Build.0 = Release|Any CPU
		{2ACB4205-5D79-4285-92D6-DBC985E103BD}.Debug|Any CPU.ActiveCfg = Debug
		{2ACB4205-5D79-4285-92D6-DBC985E103BD}.Release|Any CPU.ActiveCfg = Release
		{8C5D8C7C-7EBE-4737-A40A-A21FE0321DA8}.Debug|Any CPU.ActiveCfg = Debug|Any CPU
		{8C5D8C7C-7EBE-4737-A40A-A21FE0321DA8}.Debug|Any CPU.Build.0 = Debug|Any CPU
		{8C5D8C7C-7EBE-4737-A40A-A21FE0321DA8}.Release|Any CPU.ActiveCfg = Release|Any CPU
		{8C5D8C7C-7EBE-4737-A40A-A21FE0321DA8}.Release|Any CPU.Build.0 = Release|Any CPU
		{1805CD89-6AB3-47C8-98EB-BF81F52CBDA2}.Debug|Any CPU.ActiveCfg = Debug|Any CPU
		{1805CD89-6AB3-47C8-98EB-BF81F52CBDA2}.Debug|Any CPU.Build.0 = Debug|Any CPU
		{1805CD89-6AB3-47C8-98EB-BF81F52CBDA2}.Release|Any CPU.ActiveCfg = Release|Any CPU
		{1805CD89-6AB3-47C8-98EB-BF81F52CBDA2}.Release|Any CPU.Build.0 = Release|Any CPU
	EndGlobalSection
	GlobalSection(SolutionProperties) = preSolution
		HideSolutionNode = FALSE
	EndGlobalSection
	GlobalSection(ExtensibilityGlobals) = postSolution
		SolutionGuid = {3D4BE33D-074B-484D-BBE3-95D3AA8D70EF}
	EndGlobalSection
EndGlobal
